// !$*UTF8*$!
{
	archiveVersion = 1;
	classes = {
	};
	objectVersion = 56;
	objects = {

/* Begin PBXBuildFile section */
		AA27B69E2944AADF00566703 /* KRV.json in Resources */ = {isa = PBXBuildFile; fileRef = AA27B69D2944AADF00566703 /* KRV.json */; };
		AA59F162294218A4002B4D77 /* MainViewModel.swift in Sources */ = {isa = PBXBuildFile; fileRef = AA59F161294218A4002B4D77 /* MainViewModel.swift */; };
		AA59F16729421C25002B4D77 /* ReadView.swift in Sources */ = {isa = PBXBuildFile; fileRef = AA59F16629421C25002B4D77 /* ReadView.swift */; };
		AA59F16929421CBA002B4D77 /* ReadViewModel.swift in Sources */ = {isa = PBXBuildFile; fileRef = AA59F16829421CBA002B4D77 /* ReadViewModel.swift */; };
		AA59F16F2942D535002B4D77 /* Bible.swift in Sources */ = {isa = PBXBuildFile; fileRef = AA59F16E2942D535002B4D77 /* Bible.swift */; };
		AA59F1712942D5F7002B4D77 /* en_niv.json in Resources */ = {isa = PBXBuildFile; fileRef = AA59F1702942D5F7002B4D77 /* en_niv.json */; };
		AA59F1732942D631002B4D77 /* ModelData.swift in Sources */ = {isa = PBXBuildFile; fileRef = AA59F1722942D631002B4D77 /* ModelData.swift */; };
		AAF645942941E06700F0F2F9 /* BereansApp.swift in Sources */ = {isa = PBXBuildFile; fileRef = AAF645932941E06700F0F2F9 /* BereansApp.swift */; };
		AAF645962941E06700F0F2F9 /* ContentView.swift in Sources */ = {isa = PBXBuildFile; fileRef = AAF645952941E06700F0F2F9 /* ContentView.swift */; };
		AAF645982941E06900F0F2F9 /* Assets.xcassets in Resources */ = {isa = PBXBuildFile; fileRef = AAF645972941E06900F0F2F9 /* Assets.xcassets */; };
		AAF6459C2941E06900F0F2F9 /* Preview Assets.xcassets in Resources */ = {isa = PBXBuildFile; fileRef = AAF6459B2941E06900F0F2F9 /* Preview Assets.xcassets */; };
		AAF645A82941E0E400F0F2F9 /* MainView.swift in Sources */ = {isa = PBXBuildFile; fileRef = AAF645A72941E0E400F0F2F9 /* MainView.swift */; };
/* End PBXBuildFile section */

/* Begin PBXFileReference section */
		AA27B69D2944AADF00566703 /* KRV.json */ = {isa = PBXFileReference; fileEncoding = 4; lastKnownFileType = text.json; path = KRV.json; sourceTree = "<group>"; };
		AA59F161294218A4002B4D77 /* MainViewModel.swift */ = {isa = PBXFileReference; lastKnownFileType = sourcecode.swift; path = MainViewModel.swift; sourceTree = "<group>"; };
		AA59F16629421C25002B4D77 /* ReadView.swift */ = {isa = PBXFileReference; lastKnownFileType = sourcecode.swift; path = ReadView.swift; sourceTree = "<group>"; };
		AA59F16829421CBA002B4D77 /* ReadViewModel.swift */ = {isa = PBXFileReference; lastKnownFileType = sourcecode.swift; path = ReadViewModel.swift; sourceTree = "<group>"; };
		AA59F16E2942D535002B4D77 /* Bible.swift */ = {isa = PBXFileReference; lastKnownFileType = sourcecode.swift; path = Bible.swift; sourceTree = "<group>"; };
		AA59F1702942D5F7002B4D77 /* en_niv.json */ = {isa = PBXFileReference; fileEncoding = 4; lastKnownFileType = text.json; path = en_niv.json; sourceTree = "<group>"; };
		AA59F1722942D631002B4D77 /* ModelData.swift */ = {isa = PBXFileReference; lastKnownFileType = sourcecode.swift; path = ModelData.swift; sourceTree = "<group>"; };
		AAF645902941E06700F0F2F9 /* Bereans.app */ = {isa = PBXFileReference; explicitFileType = wrapper.application; includeInIndex = 0; path = Bereans.app; sourceTree = BUILT_PRODUCTS_DIR; };
		AAF645932941E06700F0F2F9 /* BereansApp.swift */ = {isa = PBXFileReference; lastKnownFileType = sourcecode.swift; path = BereansApp.swift; sourceTree = "<group>"; };
		AAF645952941E06700F0F2F9 /* ContentView.swift */ = {isa = PBXFileReference; lastKnownFileType = sourcecode.swift; path = ContentView.swift; sourceTree = "<group>"; };
		AAF645972941E06900F0F2F9 /* Assets.xcassets */ = {isa = PBXFileReference; lastKnownFileType = folder.assetcatalog; path = Assets.xcassets; sourceTree = "<group>"; };
		AAF645992941E06900F0F2F9 /* Bereans.entitlements */ = {isa = PBXFileReference; lastKnownFileType = text.plist.entitlements; path = Bereans.entitlements; sourceTree = "<group>"; };
		AAF6459B2941E06900F0F2F9 /* Preview Assets.xcassets */ = {isa = PBXFileReference; lastKnownFileType = folder.assetcatalog; path = "Preview Assets.xcassets"; sourceTree = "<group>"; };
		AAF645A72941E0E400F0F2F9 /* MainView.swift */ = {isa = PBXFileReference; lastKnownFileType = sourcecode.swift; path = MainView.swift; sourceTree = "<group>"; };
/* End PBXFileReference section */

/* Begin PBXFrameworksBuildPhase section */
		AAF6458D2941E06700F0F2F9 /* Frameworks */ = {
			isa = PBXFrameworksBuildPhase;
			buildActionMask = 2147483647;
			files = (
			);
			runOnlyForDeploymentPostprocessing = 0;
		};
/* End PBXFrameworksBuildPhase section */

/* Begin PBXGroup section */
		AA59F16029421895002B4D77 /* ViewModel */ = {
			isa = PBXGroup;
			children = (
				AA59F161294218A4002B4D77 /* MainViewModel.swift */,
			);
			path = ViewModel;
			sourceTree = "<group>";
		};
		AA59F16329421C09002B4D77 /* Read */ = {
			isa = PBXGroup;
			children = (
				AA59F16529421C15002B4D77 /* ViewModel */,
				AA59F16429421C11002B4D77 /* Views */,
			);
			path = Read;
			sourceTree = "<group>";
		};
		AA59F16429421C11002B4D77 /* Views */ = {
			isa = PBXGroup;
			children = (
				AA59F16629421C25002B4D77 /* ReadView.swift */,
			);
			path = Views;
			sourceTree = "<group>";
		};
		AA59F16529421C15002B4D77 /* ViewModel */ = {
			isa = PBXGroup;
			children = (
				AA59F16829421CBA002B4D77 /* ReadViewModel.swift */,
			);
			path = ViewModel;
			sourceTree = "<group>";
		};
		AA59F16C2942D4F6002B4D77 /* Models */ = {
			isa = PBXGroup;
			children = (
				AA59F16E2942D535002B4D77 /* Bible.swift */,
				AA59F1722942D631002B4D77 /* ModelData.swift */,
			);
			path = Models;
			sourceTree = "<group>";
		};
		AA59F16D2942D4FC002B4D77 /* Resources */ = {
			isa = PBXGroup;
			children = (
				AA27B69D2944AADF00566703 /* KRV.json */,
				AA59F1702942D5F7002B4D77 /* en_niv.json */,
			);
			path = Resources;
			sourceTree = "<group>";
		};
		AAF645872941E06700F0F2F9 = {
			isa = PBXGroup;
			children = (
				AAF645922941E06700F0F2F9 /* Bereans */,
				AAF645912941E06700F0F2F9 /* Products */,
			);
			sourceTree = "<group>";
		};
		AAF645912941E06700F0F2F9 /* Products */ = {
			isa = PBXGroup;
			children = (
				AAF645902941E06700F0F2F9 /* Bereans.app */,
			);
			name = Products;
			sourceTree = "<group>";
		};
		AAF645922941E06700F0F2F9 /* Bereans */ = {
			isa = PBXGroup;
			children = (
				AA59F16D2942D4FC002B4D77 /* Resources */,
				AA59F16C2942D4F6002B4D77 /* Models */,
				AAF645A22941E0AD00F0F2F9 /* Core */,
				AAF645932941E06700F0F2F9 /* BereansApp.swift */,
				AAF645952941E06700F0F2F9 /* ContentView.swift */,
				AAF645972941E06900F0F2F9 /* Assets.xcassets */,
				AAF645992941E06900F0F2F9 /* Bereans.entitlements */,
				AAF6459A2941E06900F0F2F9 /* Preview Content */,
			);
			path = Bereans;
			sourceTree = "<group>";
		};
		AAF6459A2941E06900F0F2F9 /* Preview Content */ = {
			isa = PBXGroup;
			children = (
				AAF6459B2941E06900F0F2F9 /* Preview Assets.xcassets */,
			);
			path = "Preview Content";
			sourceTree = "<group>";
		};
		AAF645A22941E0AD00F0F2F9 /* Core */ = {
			isa = PBXGroup;
			children = (
				AA59F16329421C09002B4D77 /* Read */,
				AAF645A32941E0B100F0F2F9 /* Main */,
			);
			path = Core;
			sourceTree = "<group>";
		};
		AAF645A32941E0B100F0F2F9 /* Main */ = {
			isa = PBXGroup;
			children = (
				AA59F16029421895002B4D77 /* ViewModel */,
				AAF645A42941E0BD00F0F2F9 /* Views */,
			);
			path = Main;
			sourceTree = "<group>";
		};
		AAF645A42941E0BD00F0F2F9 /* Views */ = {
			isa = PBXGroup;
			children = (
				AAF645A72941E0E400F0F2F9 /* MainView.swift */,
			);
			path = Views;
			sourceTree = "<group>";
		};
/* End PBXGroup section */

/* Begin PBXNativeTarget section */
		AAF6458F2941E06700F0F2F9 /* Bereans */ = {
			isa = PBXNativeTarget;
			buildConfigurationList = AAF6459F2941E06900F0F2F9 /* Build configuration list for PBXNativeTarget "Bereans" */;
			buildPhases = (
				AAF6458C2941E06700F0F2F9 /* Sources */,
				AAF6458D2941E06700F0F2F9 /* Frameworks */,
				AAF6458E2941E06700F0F2F9 /* Resources */,
			);
			buildRules = (
			);
			dependencies = (
			);
			name = Bereans;
			productName = Bereans;
			productReference = AAF645902941E06700F0F2F9 /* Bereans.app */;
			productType = "com.apple.product-type.application";
		};
/* End PBXNativeTarget section */

/* Begin PBXProject section */
		AAF645882941E06700F0F2F9 /* Project object */ = {
			isa = PBXProject;
			attributes = {
				BuildIndependentTargetsInParallel = 1;
				LastSwiftUpdateCheck = 1410;
				LastUpgradeCheck = 1410;
				TargetAttributes = {
					AAF6458F2941E06700F0F2F9 = {
						CreatedOnToolsVersion = 14.1;
					};
				};
			};
			buildConfigurationList = AAF6458B2941E06700F0F2F9 /* Build configuration list for PBXProject "Bereans" */;
			compatibilityVersion = "Xcode 14.0";
			developmentRegion = en;
			hasScannedForEncodings = 0;
			knownRegions = (
				en,
				Base,
			);
			mainGroup = AAF645872941E06700F0F2F9;
			productRefGroup = AAF645912941E06700F0F2F9 /* Products */;
			projectDirPath = "";
			projectRoot = "";
			targets = (
				AAF6458F2941E06700F0F2F9 /* Bereans */,
			);
		};
/* End PBXProject section */

/* Begin PBXResourcesBuildPhase section */
		AAF6458E2941E06700F0F2F9 /* Resources */ = {
			isa = PBXResourcesBuildPhase;
			buildActionMask = 2147483647;
			files = (
				AAF6459C2941E06900F0F2F9 /* Preview Assets.xcassets in Resources */,
				AA59F1712942D5F7002B4D77 /* en_niv.json in Resources */,
				AAF645982941E06900F0F2F9 /* Assets.xcassets in Resources */,
				AA27B69E2944AADF00566703 /* KRV.json in Resources */,
			);
			runOnlyForDeploymentPostprocessing = 0;
		};
/* End PBXResourcesBuildPhase section */

/* Begin PBXSourcesBuildPhase section */
		AAF6458C2941E06700F0F2F9 /* Sources */ = {
			isa = PBXSourcesBuildPhase;
			buildActionMask = 2147483647;
			files = (
				AAF645962941E06700F0F2F9 /* ContentView.swift in Sources */,
				AAF645A82941E0E400F0F2F9 /* MainView.swift in Sources */,
				AA59F1732942D631002B4D77 /* ModelData.swift in Sources */,
				AA59F16929421CBA002B4D77 /* ReadViewModel.swift in Sources */,
				AA59F16F2942D535002B4D77 /* Bible.swift in Sources */,
				AA59F16729421C25002B4D77 /* ReadView.swift in Sources */,
				AAF645942941E06700F0F2F9 /* BereansApp.swift in Sources */,
				AA59F162294218A4002B4D77 /* MainViewModel.swift in Sources */,
			);
			runOnlyForDeploymentPostprocessing = 0;
		};
/* End PBXSourcesBuildPhase section */

/* Begin XCBuildConfiguration section */
		AAF6459D2941E06900F0F2F9 /* Debug */ = {
			isa = XCBuildConfiguration;
			buildSettings = {
				ALWAYS_SEARCH_USER_PATHS = NO;
				CLANG_ANALYZER_NONNULL = YES;
				CLANG_ANALYZER_NUMBER_OBJECT_CONVERSION = YES_AGGRESSIVE;
				CLANG_CXX_LANGUAGE_STANDARD = "gnu++20";
				CLANG_ENABLE_MODULES = YES;
				CLANG_ENABLE_OBJC_ARC = YES;
				CLANG_ENABLE_OBJC_WEAK = YES;
				CLANG_WARN_BLOCK_CAPTURE_AUTORELEASING = YES;
				CLANG_WARN_BOOL_CONVERSION = YES;
				CLANG_WARN_COMMA = YES;
				CLANG_WARN_CONSTANT_CONVERSION = YES;
				CLANG_WARN_DEPRECATED_OBJC_IMPLEMENTATIONS = YES;
				CLANG_WARN_DIRECT_OBJC_ISA_USAGE = YES_ERROR;
				CLANG_WARN_DOCUMENTATION_COMMENTS = YES;
				CLANG_WARN_EMPTY_BODY = YES;
				CLANG_WARN_ENUM_CONVERSION = YES;
				CLANG_WARN_INFINITE_RECURSION = YES;
				CLANG_WARN_INT_CONVERSION = YES;
				CLANG_WARN_NON_LITERAL_NULL_CONVERSION = YES;
				CLANG_WARN_OBJC_IMPLICIT_RETAIN_SELF = YES;
				CLANG_WARN_OBJC_LITERAL_CONVERSION = YES;
				CLANG_WARN_OBJC_ROOT_CLASS = YES_ERROR;
				CLANG_WARN_QUOTED_INCLUDE_IN_FRAMEWORK_HEADER = YES;
				CLANG_WARN_RANGE_LOOP_ANALYSIS = YES;
				CLANG_WARN_STRICT_PROTOTYPES = YES;
				CLANG_WARN_SUSPICIOUS_MOVE = YES;
				CLANG_WARN_UNGUARDED_AVAILABILITY = YES_AGGRESSIVE;
				CLANG_WARN_UNREACHABLE_CODE = YES;
				CLANG_WARN__DUPLICATE_METHOD_MATCH = YES;
				COPY_PHASE_STRIP = NO;
				DEBUG_INFORMATION_FORMAT = dwarf;
				ENABLE_STRICT_OBJC_MSGSEND = YES;
				ENABLE_TESTABILITY = YES;
				GCC_C_LANGUAGE_STANDARD = gnu11;
				GCC_DYNAMIC_NO_PIC = NO;
				GCC_NO_COMMON_BLOCKS = YES;
				GCC_OPTIMIZATION_LEVEL = 0;
				GCC_PREPROCESSOR_DEFINITIONS = (
					"DEBUG=1",
					"$(inherited)",
				);
				GCC_WARN_64_TO_32_BIT_CONVERSION = YES;
				GCC_WARN_ABOUT_RETURN_TYPE = YES_ERROR;
				GCC_WARN_UNDECLARED_SELECTOR = YES;
				GCC_WARN_UNINITIALIZED_AUTOS = YES_AGGRESSIVE;
				GCC_WARN_UNUSED_FUNCTION = YES;
				GCC_WARN_UNUSED_VARIABLE = YES;
				MTL_ENABLE_DEBUG_INFO = INCLUDE_SOURCE;
				MTL_FAST_MATH = YES;
				ONLY_ACTIVE_ARCH = YES;
				SWIFT_ACTIVE_COMPILATION_CONDITIONS = DEBUG;
				SWIFT_OPTIMIZATION_LEVEL = "-Onone";
			};
			name = Debug;
		};
		AAF6459E2941E06900F0F2F9 /* Release */ = {
			isa = XCBuildConfiguration;
			buildSettings = {
				ALWAYS_SEARCH_USER_PATHS = NO;
				CLANG_ANALYZER_NONNULL = YES;
				CLANG_ANALYZER_NUMBER_OBJECT_CONVERSION = YES_AGGRESSIVE;
				CLANG_CXX_LANGUAGE_STANDARD = "gnu++20";
				CLANG_ENABLE_MODULES = YES;
				CLANG_ENABLE_OBJC_ARC = YES;
				CLANG_ENABLE_OBJC_WEAK = YES;
				CLANG_WARN_BLOCK_CAPTURE_AUTORELEASING = YES;
				CLANG_WARN_BOOL_CONVERSION = YES;
				CLANG_WARN_COMMA = YES;
				CLANG_WARN_CONSTANT_CONVERSION = YES;
				CLANG_WARN_DEPRECATED_OBJC_IMPLEMENTATIONS = YES;
				CLANG_WARN_DIRECT_OBJC_ISA_USAGE = YES_ERROR;
				CLANG_WARN_DOCUMENTATION_COMMENTS = YES;
				CLANG_WARN_EMPTY_BODY = YES;
				CLANG_WARN_ENUM_CONVERSION = YES;
				CLANG_WARN_INFINITE_RECURSION = YES;
				CLANG_WARN_INT_CONVERSION = YES;
				CLANG_WARN_NON_LITERAL_NULL_CONVERSION = YES;
				CLANG_WARN_OBJC_IMPLICIT_RETAIN_SELF = YES;
				CLANG_WARN_OBJC_LITERAL_CONVERSION = YES;
				CLANG_WARN_OBJC_ROOT_CLASS = YES_ERROR;
				CLANG_WARN_QUOTED_INCLUDE_IN_FRAMEWORK_HEADER = YES;
				CLANG_WARN_RANGE_LOOP_ANALYSIS = YES;
				CLANG_WARN_STRICT_PROTOTYPES = YES;
				CLANG_WARN_SUSPICIOUS_MOVE = YES;
				CLANG_WARN_UNGUARDED_AVAILABILITY = YES_AGGRESSIVE;
				CLANG_WARN_UNREACHABLE_CODE = YES;
				CLANG_WARN__DUPLICATE_METHOD_MATCH = YES;
				COPY_PHASE_STRIP = NO;
				DEBUG_INFORMATION_FORMAT = "dwarf-with-dsym";
				ENABLE_NS_ASSERTIONS = NO;
				ENABLE_STRICT_OBJC_MSGSEND = YES;
				GCC_C_LANGUAGE_STANDARD = gnu11;
				GCC_NO_COMMON_BLOCKS = YES;
				GCC_WARN_64_TO_32_BIT_CONVERSION = YES;
				GCC_WARN_ABOUT_RETURN_TYPE = YES_ERROR;
				GCC_WARN_UNDECLARED_SELECTOR = YES;
				GCC_WARN_UNINITIALIZED_AUTOS = YES_AGGRESSIVE;
				GCC_WARN_UNUSED_FUNCTION = YES;
				GCC_WARN_UNUSED_VARIABLE = YES;
				MTL_ENABLE_DEBUG_INFO = NO;
				MTL_FAST_MATH = YES;
				SWIFT_COMPILATION_MODE = wholemodule;
				SWIFT_OPTIMIZATION_LEVEL = "-O";
			};
			name = Release;
		};
		AAF645A02941E06900F0F2F9 /* Debug */ = {
			isa = XCBuildConfiguration;
			buildSettings = {
				ASSETCATALOG_COMPILER_APPICON_NAME = AppIcon;
				ASSETCATALOG_COMPILER_GLOBAL_ACCENT_COLOR_NAME = AccentColor;
				CODE_SIGN_ENTITLEMENTS = Bereans/Bereans.entitlements;
				CODE_SIGN_STYLE = Automatic;
				CURRENT_PROJECT_VERSION = 1;
				DEVELOPMENT_ASSET_PATHS = "\"Bereans/Preview Content\"";
				DEVELOPMENT_TEAM = 2UYV54B9WB;
				ENABLE_HARDENED_RUNTIME = YES;
				ENABLE_PREVIEWS = YES;
				GENERATE_INFOPLIST_FILE = YES;
				"INFOPLIST_KEY_UIApplicationSceneManifest_Generation[sdk=iphoneos*]" = YES;
				"INFOPLIST_KEY_UIApplicationSceneManifest_Generation[sdk=iphonesimulator*]" = YES;
				"INFOPLIST_KEY_UIApplicationSupportsIndirectInputEvents[sdk=iphoneos*]" = YES;
				"INFOPLIST_KEY_UIApplicationSupportsIndirectInputEvents[sdk=iphonesimulator*]" = YES;
				"INFOPLIST_KEY_UILaunchScreen_Generation[sdk=iphoneos*]" = YES;
				"INFOPLIST_KEY_UILaunchScreen_Generation[sdk=iphonesimulator*]" = YES;
				"INFOPLIST_KEY_UIStatusBarStyle[sdk=iphoneos*]" = UIStatusBarStyleDefault;
				"INFOPLIST_KEY_UIStatusBarStyle[sdk=iphonesimulator*]" = UIStatusBarStyleDefault;
				INFOPLIST_KEY_UISupportedInterfaceOrientations_iPad = "UIInterfaceOrientationPortrait UIInterfaceOrientationPortraitUpsideDown UIInterfaceOrientationLandscapeLeft UIInterfaceOrientationLandscapeRight";
				INFOPLIST_KEY_UISupportedInterfaceOrientations_iPhone = "UIInterfaceOrientationPortrait UIInterfaceOrientationLandscapeLeft UIInterfaceOrientationLandscapeRight";
				IPHONEOS_DEPLOYMENT_TARGET = 16.1;
				LD_RUNPATH_SEARCH_PATHS = "@executable_path/Frameworks";
				"LD_RUNPATH_SEARCH_PATHS[sdk=macosx*]" = "@executable_path/../Frameworks";
				MACOSX_DEPLOYMENT_TARGET = 13.0;
				MARKETING_VERSION = 1.0;
				PRODUCT_BUNDLE_IDENTIFIER = com.alaxhenry.Bereans;
				PRODUCT_NAME = "$(TARGET_NAME)";
				SDKROOT = auto;
				SUPPORTED_PLATFORMS = "iphoneos iphonesimulator macosx";
				SWIFT_EMIT_LOC_STRINGS = YES;
				SWIFT_VERSION = 5.0;
				TARGETED_DEVICE_FAMILY = "1,2";
			};
			name = Debug;
		};
		AAF645A12941E06900F0F2F9 /* Release */ = {
			isa = XCBuildConfiguration;
			buildSettings = {
				ASSETCATALOG_COMPILER_APPICON_NAME = AppIcon;
				ASSETCATALOG_COMPILER_GLOBAL_ACCENT_COLOR_NAME = AccentColor;
				CODE_SIGN_ENTITLEMENTS = Bereans/Bereans.entitlements;
				CODE_SIGN_STYLE = Automatic;
				CURRENT_PROJECT_VERSION = 1;
				DEVELOPMENT_ASSET_PATHS = "\"Bereans/Preview Content\"";
				DEVELOPMENT_TEAM = 2UYV54B9WB;
				ENABLE_HARDENED_RUNTIME = YES;
				ENABLE_PREVIEWS = YES;
				GENERATE_INFOPLIST_FILE = YES;
				"INFOPLIST_KEY_UIApplicationSceneManifest_Generation[sdk=iphoneos*]" = YES;
				"INFOPLIST_KEY_UIApplicationSceneManifest_Generation[sdk=iphonesimulator*]" = YES;
				"INFOPLIST_KEY_UIApplicationSupportsIndirectInputEvents[sdk=iphoneos*]" = YES;
				"INFOPLIST_KEY_UIApplicationSupportsIndirectInputEvents[sdk=iphonesimulator*]" = YES;
				"INFOPLIST_KEY_UILaunchScreen_Generation[sdk=iphoneos*]" = YES;
				"INFOPLIST_KEY_UILaunchScreen_Generation[sdk=iphonesimulator*]" = YES;
				"INFOPLIST_KEY_UIStatusBarStyle[sdk=iphoneos*]" = UIStatusBarStyleDefault;
				"INFOPLIST_KEY_UIStatusBarStyle[sdk=iphonesimulator*]" = UIStatusBarStyleDefault;
				INFOPLIST_KEY_UISupportedInterfaceOrientations_iPad = "UIInterfaceOrientationPortrait UIInterfaceOrientationPortraitUpsideDown UIInterfaceOrientationLandscapeLeft UIInterfaceOrientationLandscapeRight";
				INFOPLIST_KEY_UISupportedInterfaceOrientations_iPhone = "UIInterfaceOrientationPortrait UIInterfaceOrientationLandscapeLeft UIInterfaceOrientationLandscapeRight";
				IPHONEOS_DEPLOYMENT_TARGET = 16.1;
				LD_RUNPATH_SEARCH_PATHS = "@executable_path/Frameworks";
				"LD_RUNPATH_SEARCH_PATHS[sdk=macosx*]" = "@executable_path/../Frameworks";
				MACOSX_DEPLOYMENT_TARGET = 13.0;
				MARKETING_VERSION = 1.0;
				PRODUCT_BUNDLE_IDENTIFIER = com.alaxhenry.Bereans;
				PRODUCT_NAME = "$(TARGET_NAME)";
				SDKROOT = auto;
				SUPPORTED_PLATFORMS = "iphoneos iphonesimulator macosx";
				SWIFT_EMIT_LOC_STRINGS = YES;
				SWIFT_VERSION = 5.0;
				TARGETED_DEVICE_FAMILY = "1,2";
			};
			name = Release;
		};
/* End XCBuildConfiguration section */

/* Begin XCConfigurationList section */
		AAF6458B2941E06700F0F2F9 /* Build configuration list for PBXProject "Bereans" */ = {
			isa = XCConfigurationList;
			buildConfigurations = (
				AAF6459D2941E06900F0F2F9 /* Debug */,
				AAF6459E2941E06900F0F2F9 /* Release */,
			);
			defaultConfigurationIsVisible = 0;
			defaultConfigurationName = Release;
		};
		AAF6459F2941E06900F0F2F9 /* Build configuration list for PBXNativeTarget "Bereans" */ = {
			isa = XCConfigurationList;
			buildConfigurations = (
				AAF645A02941E06900F0F2F9 /* Debug */,
				AAF645A12941E06900F0F2F9 /* Release */,
			);
			defaultConfigurationIsVisible = 0;
			defaultConfigurationName = Release;
		};
/* End XCConfigurationList section */
	};
	rootObject = AAF645882941E06700F0F2F9 /* Project object */;
}
